github.com/dlclark/regexp2 v1.11.5 h1:Q/sSnsKerHeCkc/jSTNq1oCm7KiVgUMZRDUoRu0JQZQ=
github.com/dlclark/regexp2 v1.11.5/go.mod h1:DHkYz0B9wPfa6wondMfaivmHpzrQ3v9q8cnmRbL6yW8=
github.com/go-json-experiment/json v0.0.0-20250517221953-25912455fbc8 h1:o8UqXPI6SVwQt04RGsqKp3qqmbOfTNMqDrWsc4O47kk=
github.com/go-json-experiment/json v0.0.0-20250517221953-25912455fbc8/go.mod h1:TiCD2a1pcmjd7YnhGH0f/zKNcCD06B029pHhzV23c2M=
github.com/google/go-cmp v0.7.0 h1:wk8382ETsv4JYUZwIsn6YpYiWiBsYLSJiTsyBybVuN8=
github.com/google/go-cmp v0.7.0/go.mod h1:pXiqmnSA92OHEEa9HXL2W4E7lf9JzCmGVUdgjX3N/iU=
github.com/microsoft/typescript-go v0.0.0-20250712173342-2b82831a05b6 h1:i/1OJ9Ux5Cmgnl45NeRsHGK6iyjx+Ky8cYTtlguRmVI=
github.com/microsoft/typescript-go v0.0.0-20250712173342-2b82831a05b6/go.mod h1:DvLUBBv9FZYIFGkQfmTbE4j2Gh30ctDJqhGqGHQhLRM=
golang.org/x/sys v0.33.0 h1:q3i8TbbEz+JRD9ywIRlyRAQbM0qF7hu24q3teo2hbuw=
golang.org/x/sys v0.33.0/go.mod h1:BJP2sWEmIv4KK5OTEluFJCKSidICx8ciO85XgH3Ak8k=
gotest.tools/v3 v3.5.2 h1:7koQfIKdy+I8UTetycgUqXWSDwpgv193Ka+qRsmBY8Q=
gotest.tools/v3 v3.5.2/go.mod h1:LtdLGcnqToBH83WByAAi/wiwSFCArdFIUV/xxN4pcjA=
